// !$*UTF8*$!
{
	archiveVersion = 1;
	classes = {
	};
	objectVersion = 77;
	objects = {

/* Begin PBXBuildFile section */
		15300F162F65F83D00B23B84 /* Defaults in Frameworks */ = {isa = PBXBuildFile; productRef = AA000001AAAA000100000001 /* Defaults */; };
		15300F172F65F83D00B23B84 /* MCP in Frameworks */ = {isa = PBXBuildFile; productRef = BB000002BBBB000200000002 /* MCP */; };
		CC000001CCCC000100000001 /* Textual in Frameworks */ = {isa = PBXBuildFile; productRef = CC000002CCCC000200000002 /* Textual */; };
		DD000001DDDD000100000001 /* Yams in Frameworks */ = {isa = PBXBuildFile; productRef = DD000002DDDD000200000002 /* Yams */; };
		EE000001EEEE000100000001 /* Markdown in Frameworks */ = {isa = PBXBuildFile; productRef = EE000002EEEE000200000002 /* Markdown */; };
/* End PBXBuildFile section */

/* Begin PBXFileReference section */
		15300DF22F65EFB900B23B84 /* codellama.app */ = {isa = PBXFileReference; explicitFileType = wrapper.application; includeInIndex = 0; path = codellama.app; sourceTree = BUILT_PRODUCTS_DIR; };
		F1000001F100000100000001 /* codellamaTests.xctest */ = {isa = PBXFileReference; explicitFileType = wrapper.cfbundle; includeInIndex = 0; path = codellamaTests.xctest; sourceTree = BUILT_PRODUCTS_DIR; };
/* End PBXFileReference section */

/* Begin PBXFileSystemSynchronizedRootGroup section */
		15300DF42F65EFB900B23B84 /* codellama */ = {
			isa = PBXFileSystemSynchronizedRootGroup;
			path = codellama;
			sourceTree = "<group>";
		};
		F1000002F100000200000002 /* codellamaTests */ = {
			isa = PBXFileSystemSynchronizedRootGroup;
			path = codellamaTests;
			sourceTree = "<group>";
		};
/* End PBXFileSystemSynchronizedRootGroup section */

/* Begin PBXFrameworksBuildPhase section */
		15300DEF2F65EFB900B23B84 /* Frameworks */ = {
			isa = PBXFrameworksBuildPhase;
			buildActionMask = 2147483647;
			files = (
				EE000001EEEE000100000001 /* Markdown in Frameworks */,
				DD000001DDDD000100000001 /* Yams in Frameworks */,
				CC000001CCCC000100000001 /* Textual in Frameworks */,
				15300F172F65F83D00B23B84 /* MCP in Frameworks */,
				15300F162F65F83D00B23B84 /* Defaults in Frameworks */,
			);
			runOnlyForDeploymentPostprocessing = 0;
		};
		F1000003F100000300000003 /* Frameworks */ = {
			isa = PBXFrameworksBuildPhase;
			buildActionMask = 2147483647;
			files = (
			);
			runOnlyForDeploymentPostprocessing = 0;
		};
/* End PBXFrameworksBuildPhase section */

/* Begin PBXGroup section */
		15300DE92F65EFB900B23B84 = {
			isa = PBXGroup;
			children = (
				15300DF42F65EFB900B23B84 /* codellama */,
				F1000002F100000200000002 /* codellamaTests */,
				15300DF32F65EFB900B23B84 /* Products */,
			);
			sourceTree = "<group>";
		};
		15300DF32F65EFB900B23B84 /* Products */ = {
			isa = PBXGroup;
			children = (
				15300DF22F65EFB900B23B84 /* codellama.app */,
				F1000001F100000100000001 /* codellamaTests.xctest */,
			);
			name = Products;
			sourceTree = "<group>";
		};
/* End PBXGroup section */

/* Begin PBXNativeTarget section */
		15300DF12F65EFB900B23B84 /* codellama */ = {
			isa = PBXNativeTarget;
			buildConfigurationList = 15300DFF2F65EFB900B23B84 /* Build configuration list for PBXNativeTarget "codellama" */;
			buildPhases = (
				15300DEE2F65EFB900B23B84 /* Sources */,
				15300DEF2F65EFB900B23B84 /* Frameworks */,
				15300DF02F65EFB900B23B84 /* Resources */,
			);
			buildRules = (
			);
			dependencies = (
			);
			fileSystemSynchronizedGroups = (
				15300DF42F65EFB900B23B84 /* codellama */,
			);
			name = codellama;
			packageProductDependencies = (
				AA000001AAAA000100000001 /* Defaults */,
				BB000002BBBB000200000002 /* MCP */,
				CC000002CCCC000200000002 /* Textual */,
				DD000002DDDD000200000002 /* Yams */,
				EE000002EEEE000200000002 /* Markdown */,
			);
			productName = codellama;
			productReference = 15300DF22F65EFB900B23B84 /* codellama.app */;
			productType = "com.apple.product-type.application";
		};
		F1000004F100000400000004 /* codellamaTests */ = {
			isa = PBXNativeTarget;
			buildConfigurationList = F100000BF100000B0000000B /* Build configuration list for PBXNativeTarget "codellamaTests" */;
			buildPhases = (
				F1000005F100000500000005 /* Sources */,
				F1000003F100000300000003 /* Frameworks */,
				F1000006F100000600000006 /* Resources */,
			);
			buildRules = (
			);
			dependencies = (
				F1000009F100000900000009 /* PBXTargetDependency */,
			);
			fileSystemSynchronizedGroups = (
				F1000002F100000200000002 /* codellamaTests */,
			);
			name = codellamaTests;
			packageProductDependencies = (
			);
			productName = codellamaTests;
			productReference = F1000001F100000100000001 /* codellamaTests.xctest */;
			productType = "com.apple.product-type.bundle.unit-test";
		};
/* End PBXNativeTarget section */

/* Begin PBXProject section */
		15300DEA2F65EFB900B23B84 /* Project object */ = {
			isa = PBXProject;
			attributes = {
				BuildIndependentTargetsInParallel = 1;
				LastSwiftUpdateCheck = 2630;
				LastUpgradeCheck = 2630;
				TargetAttributes = {
					15300DF12F65EFB900B23B84 = {
						CreatedOnToolsVersion = 26.3;
					};
					F1000004F100000400000004 = {
						CreatedOnToolsVersion = 26.3;
						TestTargetID = 15300DF12F65EFB900B23B84;
					};
				};
			};
			buildConfigurationList = 15300DED2F65EFB900B23B84 /* Build configuration list for PBXProject "codellama" */;
			developmentRegion = en;
			hasScannedForEncodings = 0;
			knownRegions = (
				en,
				Base,
			);
			mainGroup = 15300DE92F65EFB900B23B84;
			minimizedProjectReferenceProxies = 1;
			packageReferences = (
				AA000002AAAA000200000001 /* XCRemoteSwiftPackageReference "Defaults" */,
				BB000001BBBB000100000001 /* XCRemoteSwiftPackageReference "swift-sdk" */,
				CC000003CCCC000300000003 /* XCRemoteSwiftPackageReference "textual" */,
				DD000003DDDD000300000003 /* XCRemoteSwiftPackageReference "Yams" */,
				EE000003EEEE000300000003 /* XCRemoteSwiftPackageReference "swift-markdown" */,
			);
			preferredProjectObjectVersion = 77;
			productRefGroup = 15300DF32F65EFB900B23B84 /* Products */;
			projectDirPath = "";
			projectRoot = "";
			targets = (
				15300DF12F65EFB900B23B84 /* codellama */,
				F1000004F100000400000004 /* codellamaTests */,
			);
		};
/* End PBXProject section */

/* Begin PBXResourcesBuildPhase section */
		15300DF02F65EFB900B23B84 /* Resources */ = {
			isa = PBXResourcesBuildPhase;
			buildActionMask = 2147483647;
			files = (
			);
			runOnlyForDeploymentPostprocessing = 0;
		};
		F1000006F100000600000006 /* Resources */ = {
			isa = PBXResourcesBuildPhase;
			buildActionMask = 2147483647;
			files = (
			);
			runOnlyForDeploymentPostprocessing = 0;
		};
/* End PBXResourcesBuildPhase section */

/* Begin PBXSourcesBuildPhase section */
		15300DEE2F65EFB900B23B84 /* Sources */ = {
			isa = PBXSourcesBuildPhase;
			buildActionMask = 2147483647;
			files = (
			);
			runOnlyForDeploymentPostprocessing = 0;
		};
		F1000005F100000500000005 /* Sources */ = {
			isa = PBXSourcesBuildPhase;
			buildActionMask = 2147483647;
			files = (
			);
			runOnlyForDeploymentPostprocessing = 0;
		};
/* End PBXSourcesBuildPhase section */

/* Begin PBXContainerItemProxy section */
		F1000008F100000800000008 /* PBXContainerItemProxy */ = {
			isa = PBXContainerItemProxy;
			containerPortal = 15300DEA2F65EFB900B23B84 /* Project object */;
			proxyType = 1;
			remoteGlobalIDString = 15300DF12F65EFB900B23B84;
			remoteInfo = codellama;
		};
/* End PBXContainerItemProxy section */

/* Begin PBXTargetDependency section */
		F1000009F100000900000009 /* PBXTargetDependency */ = {
			isa = PBXTargetDependency;
			target = 15300DF12F65EFB900B23B84 /* codellama */;
			targetProxy = F1000008F100000800000008 /* PBXContainerItemProxy */;
		};
/* End PBXTargetDependency section */

/* Begin XCBuildConfiguration section */
		15300DFD2F65EFB900B23B84 /* Debug */ = {
			isa = XCBuildConfiguration;
			buildSettings = {
				ALWAYS_SEARCH_USER_PATHS = NO;
				ASSETCATALOG_COMPILER_GENERATE_SWIFT_ASSET_SYMBOL_EXTENSIONS = YES;
				CLANG_ANALYZER_NONNULL = YES;
				CLANG_ANALYZER_NUMBER_OBJECT_CONVERSION = YES_AGGRESSIVE;
				CLANG_CXX_LANGUAGE_STANDARD = "gnu++20";
				CLANG_ENABLE_MODULES = YES;
				CLANG_ENABLE_OBJC_ARC = YES;
				CLANG_ENABLE_OBJC_WEAK = YES;
				CLANG_WARN_BLOCK_CAPTURE_AUTORELEASING = YES;
				CLANG_WARN_BOOL_CONVERSION = YES;
				CLANG_WARN_COMMA = YES;
				CLANG_WARN_CONSTANT_CONVERSION = YES;
				CLANG_WARN_DEPRECATED_OBJC_IMPLEMENTATIONS = YES;
				CLANG_WARN_DIRECT_OBJC_ISA_USAGE = YES_ERROR;
				CLANG_WARN_DOCUMENTATION_COMMENTS = YES;
				CLANG_WARN_EMPTY_BODY = YES;
				CLANG_WARN_ENUM_CONVERSION = YES;
				CLANG_WARN_INFINITE_RECURSION = YES;
				CLANG_WARN_INT_CONVERSION = YES;
				CLANG_WARN_NON_LITERAL_NULL_CONVERSION = YES;
				CLANG_WARN_OBJC_IMPLICIT_RETAIN_SELF = YES;
				CLANG_WARN_OBJC_LITERAL_CONVERSION = YES;
				CLANG_WARN_OBJC_ROOT_CLASS = YES_ERROR;
				CLANG_WARN_QUOTED_INCLUDE_IN_FRAMEWORK_HEADER = YES;
				CLANG_WARN_RANGE_LOOP_ANALYSIS = YES;
				CLANG_WARN_STRICT_PROTOTYPES = YES;
				CLANG_WARN_SUSPICIOUS_MOVE = YES;
				CLANG_WARN_UNGUARDED_AVAILABILITY = YES_AGGRESSIVE;
				CLANG_WARN_UNREACHABLE_CODE = YES;
				CLANG_WARN__DUPLICATE_METHOD_MATCH = YES;
				COPY_PHASE_STRIP = NO;
				DEBUG_INFORMATION_FORMAT = dwarf;
				DEVELOPMENT_TEAM = J9N343T36F;
				ENABLE_STRICT_OBJC_MSGSEND = YES;
				ENABLE_TESTABILITY = YES;
				ENABLE_USER_SCRIPT_SANDBOXING = YES;
				GCC_C_LANGUAGE_STANDARD = gnu17;
				GCC_DYNAMIC_NO_PIC = NO;
				GCC_NO_COMMON_BLOCKS = YES;
				GCC_OPTIMIZATION_LEVEL = 0;
				GCC_PREPROCESSOR_DEFINITIONS = (
					"DEBUG=1",
					"$(inherited)",
				);
				GCC_WARN_64_TO_32_BIT_CONVERSION = YES;
				GCC_WARN_ABOUT_RETURN_TYPE = YES_ERROR;
				GCC_WARN_UNDECLARED_SELECTOR = YES;
				GCC_WARN_UNINITIALIZED_AUTOS = YES_AGGRESSIVE;
				GCC_WARN_UNUSED_FUNCTION = YES;
				GCC_WARN_UNUSED_VARIABLE = YES;
				LOCALIZATION_PREFERS_STRING_CATALOGS = YES;
				MACOSX_DEPLOYMENT_TARGET = 26.2;
				MTL_ENABLE_DEBUG_INFO = INCLUDE_SOURCE;
				MTL_FAST_MATH = YES;
				ONLY_ACTIVE_ARCH = YES;
				SDKROOT = macosx;
				SWIFT_ACTIVE_COMPILATION_CONDITIONS = "DEBUG $(inherited)";
				SWIFT_OPTIMIZATION_LEVEL = "-Onone";
			};
			name = Debug;
		};
		15300DFE2F65EFB900B23B84 /* Release */ = {
			isa = XCBuildConfiguration;
			buildSettings = {
				ALWAYS_SEARCH_USER_PATHS = NO;
				ASSETCATALOG_COMPILER_GENERATE_SWIFT_ASSET_SYMBOL_EXTENSIONS = YES;
				CLANG_ANALYZER_NONNULL = YES;
				CLANG_ANALYZER_NUMBER_OBJECT_CONVERSION = YES_AGGRESSIVE;
				CLANG_CXX_LANGUAGE_STANDARD = "gnu++20";
				CLANG_ENABLE_MODULES = YES;
				CLANG_ENABLE_OBJC_ARC = YES;
				CLANG_ENABLE_OBJC_WEAK = YES;
				CLANG_WARN_BLOCK_CAPTURE_AUTORELEASING = YES;
				CLANG_WARN_BOOL_CONVERSION = YES;
				CLANG_WARN_COMMA = YES;
				CLANG_WARN_CONSTANT_CONVERSION = YES;
				CLANG_WARN_DEPRECATED_OBJC_IMPLEMENTATIONS = YES;
				CLANG_WARN_DIRECT_OBJC_ISA_USAGE = YES_ERROR;
				CLANG_WARN_DOCUMENTATION_COMMENTS = YES;
				CLANG_WARN_EMPTY_BODY = YES;
				CLANG_WARN_ENUM_CONVERSION = YES;
				CLANG_WARN_INFINITE_RECURSION = YES;
				CLANG_WARN_INT_CONVERSION = YES;
				CLANG_WARN_NON_LITERAL_NULL_CONVERSION = YES;
				CLANG_WARN_OBJC_IMPLICIT_RETAIN_SELF = YES;
				CLANG_WARN_OBJC_LITERAL_CONVERSION = YES;
				CLANG_WARN_OBJC_ROOT_CLASS = YES_ERROR;
				CLANG_WARN_QUOTED_INCLUDE_IN_FRAMEWORK_HEADER = YES;
				CLANG_WARN_RANGE_LOOP_ANALYSIS = YES;
				CLANG_WARN_STRICT_PROTOTYPES = YES;
				CLANG_WARN_SUSPICIOUS_MOVE = YES;
				CLANG_WARN_UNGUARDED_AVAILABILITY = YES_AGGRESSIVE;
				CLANG_WARN_UNREACHABLE_CODE = YES;
				CLANG_WARN__DUPLICATE_METHOD_MATCH = YES;
				COPY_PHASE_STRIP = NO;
				DEBUG_INFORMATION_FORMAT = "dwarf-with-dsym";
				DEVELOPMENT_TEAM = J9N343T36F;
				ENABLE_NS_ASSERTIONS = NO;
				ENABLE_STRICT_OBJC_MSGSEND = YES;
				ENABLE_USER_SCRIPT_SANDBOXING = YES;
				GCC_C_LANGUAGE_STANDARD = gnu17;
				GCC_NO_COMMON_BLOCKS = YES;
				GCC_WARN_64_TO_32_BIT_CONVERSION = YES;
				GCC_WARN_ABOUT_RETURN_TYPE = YES_ERROR;
				GCC_WARN_UNDECLARED_SELECTOR = YES;
				GCC_WARN_UNINITIALIZED_AUTOS = YES_AGGRESSIVE;
				GCC_WARN_UNUSED_FUNCTION = YES;
				GCC_WARN_UNUSED_VARIABLE = YES;
				LOCALIZATION_PREFERS_STRING_CATALOGS = YES;
				MACOSX_DEPLOYMENT_TARGET = 26.2;
				MTL_ENABLE_DEBUG_INFO = NO;
				MTL_FAST_MATH = YES;
				SDKROOT = macosx;
				SWIFT_COMPILATION_MODE = wholemodule;
			};
			name = Release;
		};
		15300E002F65EFB900B23B84 /* Debug */ = {
			isa = XCBuildConfiguration;
			buildSettings = {
				ASSETCATALOG_COMPILER_APPICON_NAME = AppIcon;
				ASSETCATALOG_COMPILER_GLOBAL_ACCENT_COLOR_NAME = AccentColor;
				CODE_SIGN_ENTITLEMENTS = codellama/Resources/codellama.entitlements;
				CODE_SIGN_STYLE = Automatic;
				COMBINE_HIDPI_IMAGES = YES;
				CURRENT_PROJECT_VERSION = 1;
				DEVELOPMENT_TEAM = J9N343T36F;
				ENABLE_APP_SANDBOX = NO;
				ENABLE_HARDENED_RUNTIME = YES;
				ENABLE_PREVIEWS = YES;
				GENERATE_INFOPLIST_FILE = YES;
				INFOPLIST_KEY_NSHumanReadableCopyright = "";
				LD_RUNPATH_SEARCH_PATHS = (
					"$(inherited)",
					"@executable_path/../Frameworks",
				);
				MARKETING_VERSION = 1.0;
				PRODUCT_BUNDLE_IDENTIFIER = co.tduarte.codellama;
				PRODUCT_NAME = "$(TARGET_NAME)";
				REGISTER_APP_GROUPS = YES;
				STRING_CATALOG_GENERATE_SYMBOLS = YES;
				SWIFT_APPROACHABLE_CONCURRENCY = YES;
				SWIFT_EMIT_LOC_STRINGS = YES;
				SWIFT_UPCOMING_FEATURE_MEMBER_IMPORT_VISIBILITY = YES;
				SWIFT_VERSION = 5.0;
			};
			name = Debug;
		};
		15300E012F65EFB900B23B84 /* Release */ = {
			isa = XCBuildConfiguration;
			buildSettings = {
				ASSETCATALOG_COMPILER_APPICON_NAME = AppIcon;
				ASSETCATALOG_COMPILER_GLOBAL_ACCENT_COLOR_NAME = AccentColor;
				CODE_SIGN_ENTITLEMENTS = codellama/Resources/codellama.entitlements;
				CODE_SIGN_STYLE = Automatic;
				COMBINE_HIDPI_IMAGES = YES;
				CURRENT_PROJECT_VERSION = 1;
				DEVELOPMENT_TEAM = J9N343T36F;
				ENABLE_APP_SANDBOX = NO;
				ENABLE_HARDENED_RUNTIME = YES;
				ENABLE_PREVIEWS = YES;
				GENERATE_INFOPLIST_FILE = YES;
				INFOPLIST_KEY_NSHumanReadableCopyright = "";
				LD_RUNPATH_SEARCH_PATHS = (
					"$(inherited)",
					"@executable_path/../Frameworks",
				);
				MARKETING_VERSION = 1.0;
				PRODUCT_BUNDLE_IDENTIFIER = co.tduarte.codellama;
				PRODUCT_NAME = "$(TARGET_NAME)";
				REGISTER_APP_GROUPS = YES;
				STRING_CATALOG_GENERATE_SYMBOLS = YES;
				SWIFT_APPROACHABLE_CONCURRENCY = YES;
				SWIFT_EMIT_LOC_STRINGS = YES;
				SWIFT_UPCOMING_FEATURE_MEMBER_IMPORT_VISIBILITY = YES;
				SWIFT_VERSION = 5.0;
			};
			name = Release;
		};
		F100000CF100000C0000000C /* Debug */ = {
			isa = XCBuildConfiguration;
			buildSettings = {
				BUNDLE_LOADER = "$(TEST_HOST)";
				CODE_SIGN_STYLE = Automatic;
				CURRENT_PROJECT_VERSION = 1;
				DEVELOPMENT_TEAM = J9N343T36F;
				GENERATE_INFOPLIST_FILE = YES;
				LD_RUNPATH_SEARCH_PATHS = (
					"$(inherited)",
					"@loader_path/../Frameworks",
					"@executable_path/../Frameworks",
				);
				MACOSX_DEPLOYMENT_TARGET = 26.2;
				PRODUCT_BUNDLE_IDENTIFIER = co.tduarte.codellamaTests;
				PRODUCT_NAME = "$(TARGET_NAME)";
				SWIFT_APPROACHABLE_CONCURRENCY = YES;
				SWIFT_EMIT_LOC_STRINGS = NO;
				SWIFT_VERSION = 5.0;
				TEST_HOST = "$(BUILT_PRODUCTS_DIR)/codellama.app/$(BUNDLE_EXECUTABLE_FOLDER_PATH)/codellama";
				TEST_TARGET_NAME = codellama;
			};
			name = Debug;
		};
		F100000DF100000D0000000D /* Release */ = {
			isa = XCBuildConfiguration;
			buildSettings = {
				BUNDLE_LOADER = "$(TEST_HOST)";
				CODE_SIGN_STYLE = Automatic;
				CURRENT_PROJECT_VERSION = 1;
				DEVELOPMENT_TEAM = J9N343T36F;
				GENERATE_INFOPLIST_FILE = YES;
				LD_RUNPATH_SEARCH_PATHS = (
					"$(inherited)",
					"@loader_path/../Frameworks",
					"@executable_path/../Frameworks",
				);
				MACOSX_DEPLOYMENT_TARGET = 26.2;
				PRODUCT_BUNDLE_IDENTIFIER = co.tduarte.codellamaTests;
				PRODUCT_NAME = "$(TARGET_NAME)";
				SWIFT_APPROACHABLE_CONCURRENCY = YES;
				SWIFT_EMIT_LOC_STRINGS = NO;
				SWIFT_VERSION = 5.0;
				TEST_HOST = "$(BUILT_PRODUCTS_DIR)/codellama.app/$(BUNDLE_EXECUTABLE_FOLDER_PATH)/codellama";
				TEST_TARGET_NAME = codellama;
			};
			name = Release;
		};
/* End XCBuildConfiguration section */

/* Begin XCConfigurationList section */
		15300DED2F65EFB900B23B84 /* Build configuration list for PBXProject "codellama" */ = {
			isa = XCConfigurationList;
			buildConfigurations = (
				15300DFD2F65EFB900B23B84 /* Debug */,
				15300DFE2F65EFB900B23B84 /* Release */,
			);
			defaultConfigurationIsVisible = 0;
			defaultConfigurationName = Release;
		};
		15300DFF2F65EFB900B23B84 /* Build configuration list for PBXNativeTarget "codellama" */ = {
			isa = XCConfigurationList;
			buildConfigurations = (
				15300E002F65EFB900B23B84 /* Debug */,
				15300E012F65EFB900B23B84 /* Release */,
			);
			defaultConfigurationIsVisible = 0;
			defaultConfigurationName = Release;
		};
		F100000BF100000B0000000B /* Build configuration list for PBXNativeTarget "codellamaTests" */ = {
			isa = XCConfigurationList;
			buildConfigurations = (
				F100000CF100000C0000000C /* Debug */,
				F100000DF100000D0000000D /* Release */,
			);
			defaultConfigurationIsVisible = 0;
			defaultConfigurationName = Release;
		};
/* End XCConfigurationList section */

/* Begin XCRemoteSwiftPackageReference section */
		AA000002AAAA000200000001 /* XCRemoteSwiftPackageReference "Defaults" */ = {
			isa = XCRemoteSwiftPackageReference;
			repositoryURL = "https://github.com/sindresorhus/Defaults.git";
			requirement = {
				kind = upToNextMajorVersion;
				minimumVersion = 9.0.0;
			};
		};
		BB000001BBBB000100000001 /* XCRemoteSwiftPackageReference "swift-sdk" */ = {
			isa = XCRemoteSwiftPackageReference;
			repositoryURL = "https://github.com/modelcontextprotocol/swift-sdk.git";
			requirement = {
				kind = upToNextMajorVersion;
				minimumVersion = 0.9.0;
			};
		};
		CC000003CCCC000300000003 /* XCRemoteSwiftPackageReference "textual" */ = {
			isa = XCRemoteSwiftPackageReference;
			repositoryURL = "https://github.com/gonzalezreal/textual.git";
			requirement = {
				kind = upToNextMajorVersion;
				minimumVersion = 0.3.1;
			};
		};
		DD000003DDDD000300000003 /* XCRemoteSwiftPackageReference "Yams" */ = {
			isa = XCRemoteSwiftPackageReference;
			repositoryURL = "https://github.com/jpsim/Yams.git";
			requirement = {
				kind = upToNextMajorVersion;
				minimumVersion = 6.0.1;
			};
		};
		EE000003EEEE000300000003 /* XCRemoteSwiftPackageReference "swift-markdown" */ = {
			isa = XCRemoteSwiftPackageReference;
			repositoryURL = "https://github.com/swiftlang/swift-markdown.git";
			requirement = {
				kind = upToNextMajorVersion;
				minimumVersion = 0.7.2;
			};
		};
/* End XCRemoteSwiftPackageReference section */

/* Begin XCSwiftPackageProductDependency section */
		AA000001AAAA000100000001 /* Defaults */ = {
			isa = XCSwiftPackageProductDependency;
			package = AA000002AAAA000200000001 /* XCRemoteSwiftPackageReference "Defaults" */;
			productName = Defaults;
		};
		BB000002BBBB000200000002 /* MCP */ = {
			isa = XCSwiftPackageProductDependency;
			package = BB000001BBBB000100000001 /* XCRemoteSwiftPackageReference "swift-sdk" */;
			productName = MCP;
		};
		CC000002CCCC000200000002 /* Textual */ = {
			isa = XCSwiftPackageProductDependency;
			package = CC000003CCCC000300000003 /* XCRemoteSwiftPackageReference "textual" */;
			productName = Textual;
		};
		DD000002DDDD000200000002 /* Yams */ = {
			isa = XCSwiftPackageProductDependency;
			package = DD000003DDDD000300000003 /* XCRemoteSwiftPackageReference "Yams" */;
			productName = Yams;
		};
		EE000002EEEE000200000002 /* Markdown */ = {
			isa = XCSwiftPackageProductDependency;
			package = EE000003EEEE000300000003 /* XCRemoteSwiftPackageReference "swift-markdown" */;
			productName = Markdown;
		};
/* End XCSwiftPackageProductDependency section */
	};
	rootObject = 15300DEA2F65EFB900B23B84 /* Project object */;
}
